
Microsoft Visual Studio Solution File, Format Version 12.00
# Visual Studio Version 17
VisualStudioVersion = 17.6.33723.286
MinimumVisualStudioVersion = 10.0.40219.1
Project("{E24C65DC-7377-472B-9ABA-BC803B73C61A}") = "VTMS", "http://localhost:57149", "{1FDED788-35AE-4B0D-A45F-8AA0A88FB0DB}"
	ProjectSection(WebsiteProperties) = preProject
		UseIISExpress = "true"
		TargetFrameworkMoniker = ".NETFramework,Version%3Dv4.0"
		Debug.AspNetCompiler.VirtualPath = "/localhost_57149"
		Debug.AspNetCompiler.PhysicalPath = "D:\Project Work\UpWork\16_07_23_Tution MGM\17_07_23\FOrHandOver\VTMS\"
		Debug.AspNetCompiler.TargetPath = "PrecompiledWeb\localhost_57149\"
		Debug.AspNetCompiler.Updateable = "true"
		Debug.AspNetCompiler.ForceOverwrite = "true"
		Debug.AspNetCompiler.FixedNames = "false"
		Debug.AspNetCompiler.Debug = "True"
		Release.AspNetCompiler.VirtualPath = "/localhost_57149"
		Release.AspNetCompiler.PhysicalPath = "D:\Project Work\UpWork\16_07_23_Tution MGM\17_07_23\FOrHandOver\VTMS\"
		Release.AspNetCompiler.TargetPath = "PrecompiledWeb\localhost_57149\"
		Release.AspNetCompiler.Updateable = "true"
		Release.AspNetCompiler.ForceOverwrite = "true"
		Release.AspNetCompiler.FixedNames = "false"
		Release.AspNetCompiler.Debug = "False"
		SlnRelativePath = "D:\Project Work\UpWork\16_07_23_Tution MGM\17_07_23\FOrHandOver\VTMS\"
	EndProjectSection
EndProject
Global
	GlobalSection(SolutionConfigurationPlatforms) = preSolution
		Debug|Any CPU = Debug|Any CPU
	EndGlobalSection
	GlobalSection(ProjectConfigurationPlatforms) = postSolution
		{1FDED788-35AE-4B0D-A45F-8AA0A88FB0DB}.Debug|Any CPU.ActiveCfg = Debug|Any CPU
		{1FDED788-35AE-4B0D-A45F-8AA0A88FB0DB}.Debug|Any CPU.Build.0 = Debug|Any CPU
	EndGlobalSection
	GlobalSection(SolutionProperties) = preSolution
		HideSolutionNode = FALSE
	EndGlobalSection
	GlobalSection(ExtensibilityGlobals) = postSolution
		SolutionGuid = {BCC8A9EB-0D2F-4849-8B15-87DD9988C3D8}
	EndGlobalSection
EndGlobal
